// !$*UTF8*$!
{
	archiveVersion = 1;
	classes = {
	};
	objectVersion = 46;
	objects = {

/* Begin PBXBuildFile section */
		210F9AD316D4569E00C47BA5 /* UIKit.framework in Frameworks */ = {isa = PBXBuildFile; fileRef = 210F9AD216D4569E00C47BA5 /* UIKit.framework */; };
		210F9AD516D4569E00C47BA5 /* Foundation.framework in Frameworks */ = {isa = PBXBuildFile; fileRef = 210F9AD416D4569E00C47BA5 /* Foundation.framework */; };
		210F9AD716D4569E00C47BA5 /* CoreGraphics.framework in Frameworks */ = {isa = PBXBuildFile; fileRef = 210F9AD616D4569E00C47BA5 /* CoreGraphics.framework */; };
		210F9ADD16D4569E00C47BA5 /* InfoPlist.strings in Resources */ = {isa = PBXBuildFile; fileRef = 210F9ADB16D4569E00C47BA5 /* InfoPlist.strings */; };
		210F9ADF16D4569E00C47BA5 /* main.m in Sources */ = {isa = PBXBuildFile; fileRef = 210F9ADE16D4569E00C47BA5 /* main.m */; };
		210F9AE316D4569E00C47BA5 /* MMAppDelegate.m in Sources */ = {isa = PBXBuildFile; fileRef = 210F9AE216D4569E00C47BA5 /* MMAppDelegate.m */; };
		210F9AE516D4569E00C47BA5 /* Default.png in Resources */ = {isa = PBXBuildFile; fileRef = 210F9AE416D4569E00C47BA5 /* Default.png */; };
		210F9AE716D4569E00C47BA5 /* Default@2x.png in Resources */ = {isa = PBXBuildFile; fileRef = 210F9AE616D4569E00C47BA5 /* Default@2x.png */; };
		210F9AE916D4569E00C47BA5 /* Default-568h@2x.png in Resources */ = {isa = PBXBuildFile; fileRef = 210F9AE816D4569E00C47BA5 /* Default-568h@2x.png */; };
		210F9AEC16D4569E00C47BA5 /* MainStoryboard.storyboard in Resources */ = {isa = PBXBuildFile; fileRef = 210F9AEA16D4569E00C47BA5 /* MainStoryboard.storyboard */; };
		210F9AEF16D4569E00C47BA5 /* MMViewController.m in Sources */ = {isa = PBXBuildFile; fileRef = 210F9AEE16D4569E00C47BA5 /* MMViewController.m */; };
		210F9AF716D4569E00C47BA5 /* SenTestingKit.framework in Frameworks */ = {isa = PBXBuildFile; fileRef = 210F9AF616D4569E00C47BA5 /* SenTestingKit.framework */; };
		210F9AF816D4569E00C47BA5 /* UIKit.framework in Frameworks */ = {isa = PBXBuildFile; fileRef = 210F9AD216D4569E00C47BA5 /* UIKit.framework */; };
		210F9AF916D4569E00C47BA5 /* Foundation.framework in Frameworks */ = {isa = PBXBuildFile; fileRef = 210F9AD416D4569E00C47BA5 /* Foundation.framework */; };
		210F9B0116D4569E00C47BA5 /* InfoPlist.strings in Resources */ = {isa = PBXBuildFile; fileRef = 210F9AFF16D4569E00C47BA5 /* InfoPlist.strings */; };
		210F9B0416D4569E00C47BA5 /* MMDataObjectTests.m in Sources */ = {isa = PBXBuildFile; fileRef = 210F9B0316D4569E00C47BA5 /* MMDataObjectTests.m */; };
		210F9B1716D456BA00C47BA5 /* TestThing.m in Sources */ = {isa = PBXBuildFile; fileRef = 210F9B0E16D456BA00C47BA5 /* TestThing.m */; };
		210F9B1816D456BA00C47BA5 /* TestThing.m in Sources */ = {isa = PBXBuildFile; fileRef = 210F9B0E16D456BA00C47BA5 /* TestThing.m */; };
		210F9B1916D456BA00C47BA5 /* TestLog.m in Sources */ = {isa = PBXBuildFile; fileRef = 210F9B1016D456BA00C47BA5 /* TestLog.m */; };
		210F9B1A16D456BA00C47BA5 /* TestLog.m in Sources */ = {isa = PBXBuildFile; fileRef = 210F9B1016D456BA00C47BA5 /* TestLog.m */; };
		210F9B1B16D456BA00C47BA5 /* TestLogWithAliases.m in Sources */ = {isa = PBXBuildFile; fileRef = 210F9B1216D456BA00C47BA5 /* TestLogWithAliases.m */; };
		210F9B1C16D456BA00C47BA5 /* TestLogWithAliases.m in Sources */ = {isa = PBXBuildFile; fileRef = 210F9B1216D456BA00C47BA5 /* TestLogWithAliases.m */; };
		210F9B1D16D456BA00C47BA5 /* TestLogWithNestedObjects.m in Sources */ = {isa = PBXBuildFile; fileRef = 210F9B1416D456BA00C47BA5 /* TestLogWithNestedObjects.m */; };
		210F9B1E16D456BA00C47BA5 /* TestLogWithNestedObjects.m in Sources */ = {isa = PBXBuildFile; fileRef = 210F9B1416D456BA00C47BA5 /* TestLogWithNestedObjects.m */; };
		210F9B1F16D456BA00C47BA5 /* TestLogWithFormatters.m in Sources */ = {isa = PBXBuildFile; fileRef = 210F9B1616D456BA00C47BA5 /* TestLogWithFormatters.m */; };
		210F9B2016D456BA00C47BA5 /* TestLogWithFormatters.m in Sources */ = {isa = PBXBuildFile; fileRef = 210F9B1616D456BA00C47BA5 /* TestLogWithFormatters.m */; };
		210F9B2316D456C700C47BA5 /* MMDataObject.m in Sources */ = {isa = PBXBuildFile; fileRef = 210F9B2216D456C700C47BA5 /* MMDataObject.m */; };
		210F9B2416D456C700C47BA5 /* MMDataObject.m in Sources */ = {isa = PBXBuildFile; fileRef = 210F9B2216D456C700C47BA5 /* MMDataObject.m */; };
		210F9B2816D4581500C47BA5 /* README.md in Resources */ = {isa = PBXBuildFile; fileRef = 210F9B2716D4581500C47BA5 /* README.md */; };
		210F9B2916D4581500C47BA5 /* README.md in Resources */ = {isa = PBXBuildFile; fileRef = 210F9B2716D4581500C47BA5 /* README.md */; };
/* End PBXBuildFile section */

/* Begin PBXContainerItemProxy section */
		210F9AFA16D4569E00C47BA5 /* PBXContainerItemProxy */ = {
			isa = PBXContainerItemProxy;
			containerPortal = 210F9AC716D4569E00C47BA5 /* Project object */;
			proxyType = 1;
			remoteGlobalIDString = 210F9ACE16D4569E00C47BA5;
			remoteInfo = MMDataObject;
		};
/* End PBXContainerItemProxy section */

/* Begin PBXFileReference section */
		210F9ACF16D4569E00C47BA5 /* MMDataObject.app */ = {isa = PBXFileReference; explicitFileType = wrapper.application; includeInIndex = 0; path = MMDataObject.app; sourceTree = BUILT_PRODUCTS_DIR; };
		210F9AD216D4569E00C47BA5 /* UIKit.framework */ = {isa = PBXFileReference; lastKnownFileType = wrapper.framework; name = UIKit.framework; path = System/Library/Frameworks/UIKit.framework; sourceTree = SDKROOT; };
		210F9AD416D4569E00C47BA5 /* Foundation.framework */ = {isa = PBXFileReference; lastKnownFileType = wrapper.framework; name = Foundation.framework; path = System/Library/Frameworks/Foundation.framework; sourceTree = SDKROOT; };
		210F9AD616D4569E00C47BA5 /* CoreGraphics.framework */ = {isa = PBXFileReference; lastKnownFileType = wrapper.framework; name = CoreGraphics.framework; path = System/Library/Frameworks/CoreGraphics.framework; sourceTree = SDKROOT; };
		210F9ADA16D4569E00C47BA5 /* MMDataObject-Info.plist */ = {isa = PBXFileReference; lastKnownFileType = text.plist.xml; path = "MMDataObject-Info.plist"; sourceTree = "<group>"; };
		210F9ADC16D4569E00C47BA5 /* en */ = {isa = PBXFileReference; lastKnownFileType = text.plist.strings; name = en; path = en.lproj/InfoPlist.strings; sourceTree = "<group>"; };
		210F9ADE16D4569E00C47BA5 /* main.m */ = {isa = PBXFileReference; lastKnownFileType = sourcecode.c.objc; path = main.m; sourceTree = "<group>"; };
		210F9AE016D4569E00C47BA5 /* MMDataObject-Prefix.pch */ = {isa = PBXFileReference; lastKnownFileType = sourcecode.c.h; path = "MMDataObject-Prefix.pch"; sourceTree = "<group>"; };
		210F9AE116D4569E00C47BA5 /* MMAppDelegate.h */ = {isa = PBXFileReference; lastKnownFileType = sourcecode.c.h; path = MMAppDelegate.h; sourceTree = "<group>"; };
		210F9AE216D4569E00C47BA5 /* MMAppDelegate.m */ = {isa = PBXFileReference; lastKnownFileType = sourcecode.c.objc; path = MMAppDelegate.m; sourceTree = "<group>"; };
		210F9AE416D4569E00C47BA5 /* Default.png */ = {isa = PBXFileReference; lastKnownFileType = image.png; path = Default.png; sourceTree = "<group>"; };
		210F9AE616D4569E00C47BA5 /* Default@2x.png */ = {isa = PBXFileReference; lastKnownFileType = image.png; path = "Default@2x.png"; sourceTree = "<group>"; };
		210F9AE816D4569E00C47BA5 /* Default-568h@2x.png */ = {isa = PBXFileReference; lastKnownFileType = image.png; path = "Default-568h@2x.png"; sourceTree = "<group>"; };
		210F9AEB16D4569E00C47BA5 /* en */ = {isa = PBXFileReference; lastKnownFileType = file.storyboard; name = en; path = en.lproj/MainStoryboard.storyboard; sourceTree = "<group>"; };
		210F9AED16D4569E00C47BA5 /* MMViewController.h */ = {isa = PBXFileReference; lastKnownFileType = sourcecode.c.h; path = MMViewController.h; sourceTree = "<group>"; };
		210F9AEE16D4569E00C47BA5 /* MMViewController.m */ = {isa = PBXFileReference; lastKnownFileType = sourcecode.c.objc; path = MMViewController.m; sourceTree = "<group>"; };
		210F9AF516D4569E00C47BA5 /* MMDataObjectTests.octest */ = {isa = PBXFileReference; explicitFileType = wrapper.cfbundle; includeInIndex = 0; path = MMDataObjectTests.octest; sourceTree = BUILT_PRODUCTS_DIR; };
		210F9AF616D4569E00C47BA5 /* SenTestingKit.framework */ = {isa = PBXFileReference; lastKnownFileType = wrapper.framework; name = SenTestingKit.framework; path = Library/Frameworks/SenTestingKit.framework; sourceTree = DEVELOPER_DIR; };
		210F9AFE16D4569E00C47BA5 /* MMDataObjectTests-Info.plist */ = {isa = PBXFileReference; lastKnownFileType = text.plist.xml; path = "MMDataObjectTests-Info.plist"; sourceTree = "<group>"; };
		210F9B0016D4569E00C47BA5 /* en */ = {isa = PBXFileReference; lastKnownFileType = text.plist.strings; name = en; path = en.lproj/InfoPlist.strings; sourceTree = "<group>"; };
		210F9B0216D4569E00C47BA5 /* MMDataObjectTests.h */ = {isa = PBXFileReference; lastKnownFileType = sourcecode.c.h; path = MMDataObjectTests.h; sourceTree = "<group>"; };
		210F9B0316D4569E00C47BA5 /* MMDataObjectTests.m */ = {isa = PBXFileReference; lastKnownFileType = sourcecode.c.objc; path = MMDataObjectTests.m; sourceTree = "<group>"; };
		210F9B0D16D456BA00C47BA5 /* TestThing.h */ = {isa = PBXFileReference; fileEncoding = 4; lastKnownFileType = sourcecode.c.h; path = TestThing.h; sourceTree = "<group>"; };
		210F9B0E16D456BA00C47BA5 /* TestThing.m */ = {isa = PBXFileReference; fileEncoding = 4; lastKnownFileType = sourcecode.c.objc; path = TestThing.m; sourceTree = "<group>"; };
		210F9B0F16D456BA00C47BA5 /* TestLog.h */ = {isa = PBXFileReference; fileEncoding = 4; lastKnownFileType = sourcecode.c.h; path = TestLog.h; sourceTree = "<group>"; };
		210F9B1016D456BA00C47BA5 /* TestLog.m */ = {isa = PBXFileReference; fileEncoding = 4; lastKnownFileType = sourcecode.c.objc; path = TestLog.m; sourceTree = "<group>"; };
		210F9B1116D456BA00C47BA5 /* TestLogWithAliases.h */ = {isa = PBXFileReference; fileEncoding = 4; lastKnownFileType = sourcecode.c.h; path = TestLogWithAliases.h; sourceTree = "<group>"; };
		210F9B1216D456BA00C47BA5 /* TestLogWithAliases.m */ = {isa = PBXFileReference; fileEncoding = 4; lastKnownFileType = sourcecode.c.objc; path = TestLogWithAliases.m; sourceTree = "<group>"; };
		210F9B1316D456BA00C47BA5 /* TestLogWithNestedObjects.h */ = {isa = PBXFileReference; fileEncoding = 4; lastKnownFileType = sourcecode.c.h; path = TestLogWithNestedObjects.h; sourceTree = "<group>"; };
		210F9B1416D456BA00C47BA5 /* TestLogWithNestedObjects.m */ = {isa = PBXFileReference; fileEncoding = 4; lastKnownFileType = sourcecode.c.objc; path = TestLogWithNestedObjects.m; sourceTree = "<group>"; };
		210F9B1516D456BA00C47BA5 /* TestLogWithFormatters.h */ = {isa = PBXFileReference; fileEncoding = 4; lastKnownFileType = sourcecode.c.h; path = TestLogWithFormatters.h; sourceTree = "<group>"; };
		210F9B1616D456BA00C47BA5 /* TestLogWithFormatters.m */ = {isa = PBXFileReference; fileEncoding = 4; lastKnownFileType = sourcecode.c.objc; path = TestLogWithFormatters.m; sourceTree = "<group>"; };
		210F9B2116D456C700C47BA5 /* MMDataObject.h */ = {isa = PBXFileReference; fileEncoding = 4; lastKnownFileType = sourcecode.c.h; path = MMDataObject.h; sourceTree = "<group>"; };
		210F9B2216D456C700C47BA5 /* MMDataObject.m */ = {isa = PBXFileReference; fileEncoding = 4; lastKnownFileType = sourcecode.c.objc; path = MMDataObject.m; sourceTree = "<group>"; };
		210F9B2716D4581500C47BA5 /* README.md */ = {isa = PBXFileReference; fileEncoding = 4; lastKnownFileType = text; path = README.md; sourceTree = "<group>"; };
/* End PBXFileReference section */

/* Begin PBXFrameworksBuildPhase section */
		210F9ACC16D4569E00C47BA5 /* Frameworks */ = {
			isa = PBXFrameworksBuildPhase;
			buildActionMask = 2147483647;
			files = (
				210F9AD316D4569E00C47BA5 /* UIKit.framework in Frameworks */,
				210F9AD516D4569E00C47BA5 /* Foundation.framework in Frameworks */,
				210F9AD716D4569E00C47BA5 /* CoreGraphics.framework in Frameworks */,
			);
			runOnlyForDeploymentPostprocessing = 0;
		};
		210F9AF116D4569E00C47BA5 /* Frameworks */ = {
			isa = PBXFrameworksBuildPhase;
			buildActionMask = 2147483647;
			files = (
				210F9AF716D4569E00C47BA5 /* SenTestingKit.framework in Frameworks */,
				210F9AF816D4569E00C47BA5 /* UIKit.framework in Frameworks */,
				210F9AF916D4569E00C47BA5 /* Foundation.framework in Frameworks */,
			);
			runOnlyForDeploymentPostprocessing = 0;
		};
/* End PBXFrameworksBuildPhase section */

/* Begin PBXGroup section */
		210F9AC616D4569E00C47BA5 = {
			isa = PBXGroup;
			children = (
				210F9B2716D4581500C47BA5 /* README.md */,
				210F9AD816D4569E00C47BA5 /* MMDataObject */,
				210F9AFC16D4569E00C47BA5 /* MMDataObjectTests */,
				210F9AD116D4569E00C47BA5 /* Frameworks */,
				210F9AD016D4569E00C47BA5 /* Products */,
			);
			sourceTree = "<group>";
		};
		210F9AD016D4569E00C47BA5 /* Products */ = {
			isa = PBXGroup;
			children = (
				210F9ACF16D4569E00C47BA5 /* MMDataObject.app */,
				210F9AF516D4569E00C47BA5 /* MMDataObjectTests.octest */,
			);
			name = Products;
			sourceTree = "<group>";
		};
		210F9AD116D4569E00C47BA5 /* Frameworks */ = {
			isa = PBXGroup;
			children = (
				210F9AD216D4569E00C47BA5 /* UIKit.framework */,
				210F9AD416D4569E00C47BA5 /* Foundation.framework */,
				210F9AD616D4569E00C47BA5 /* CoreGraphics.framework */,
				210F9AF616D4569E00C47BA5 /* SenTestingKit.framework */,
			);
			name = Frameworks;
			sourceTree = "<group>";
		};
		210F9AD816D4569E00C47BA5 /* MMDataObject */ = {
			isa = PBXGroup;
			children = (
				210F9B2616D4577800C47BA5 /* MMDataObject */,
				210F9B2516D4575E00C47BA5 /* Test Classes */,
				210F9AE116D4569E00C47BA5 /* MMAppDelegate.h */,
				210F9AE216D4569E00C47BA5 /* MMAppDelegate.m */,
				210F9AEA16D4569E00C47BA5 /* MainStoryboard.storyboard */,
				210F9AED16D4569E00C47BA5 /* MMViewController.h */,
				210F9AEE16D4569E00C47BA5 /* MMViewController.m */,
				210F9AD916D4569E00C47BA5 /* Supporting Files */,
			);
			path = MMDataObject;
			sourceTree = "<group>";
		};
		210F9AD916D4569E00C47BA5 /* Supporting Files */ = {
			isa = PBXGroup;
			children = (
				210F9ADA16D4569E00C47BA5 /* MMDataObject-Info.plist */,
				210F9ADB16D4569E00C47BA5 /* InfoPlist.strings */,
				210F9ADE16D4569E00C47BA5 /* main.m */,
				210F9AE016D4569E00C47BA5 /* MMDataObject-Prefix.pch */,
				210F9AE416D4569E00C47BA5 /* Default.png */,
				210F9AE616D4569E00C47BA5 /* Default@2x.png */,
				210F9AE816D4569E00C47BA5 /* Default-568h@2x.png */,
			);
			name = "Supporting Files";
			sourceTree = "<group>";
		};
		210F9AFC16D4569E00C47BA5 /* MMDataObjectTests */ = {
			isa = PBXGroup;
			children = (
				210F9B0216D4569E00C47BA5 /* MMDataObjectTests.h */,
				210F9B0316D4569E00C47BA5 /* MMDataObjectTests.m */,
				210F9AFD16D4569E00C47BA5 /* Supporting Files */,
			);
			path = MMDataObjectTests;
			sourceTree = "<group>";
		};
		210F9AFD16D4569E00C47BA5 /* Supporting Files */ = {
			isa = PBXGroup;
			children = (
				210F9AFE16D4569E00C47BA5 /* MMDataObjectTests-Info.plist */,
				210F9AFF16D4569E00C47BA5 /* InfoPlist.strings */,
			);
			name = "Supporting Files";
			sourceTree = "<group>";
		};
		210F9B2516D4575E00C47BA5 /* Test Classes */ = {
			isa = PBXGroup;
			children = (
				210F9B0D16D456BA00C47BA5 /* TestThing.h */,
				210F9B0E16D456BA00C47BA5 /* TestThing.m */,
				210F9B0F16D456BA00C47BA5 /* TestLog.h */,
				210F9B1016D456BA00C47BA5 /* TestLog.m */,
				210F9B1116D456BA00C47BA5 /* TestLogWithAliases.h */,
				210F9B1216D456BA00C47BA5 /* TestLogWithAliases.m */,
				210F9B1316D456BA00C47BA5 /* TestLogWithNestedObjects.h */,
				210F9B1416D456BA00C47BA5 /* TestLogWithNestedObjects.m */,
				210F9B1516D456BA00C47BA5 /* TestLogWithFormatters.h */,
				210F9B1616D456BA00C47BA5 /* TestLogWithFormatters.m */,
			);
			name = "Test Classes";
			sourceTree = "<group>";
		};
		210F9B2616D4577800C47BA5 /* MMDataObject */ = {
			isa = PBXGroup;
			children = (
				210F9B2116D456C700C47BA5 /* MMDataObject.h */,
				210F9B2216D456C700C47BA5 /* MMDataObject.m */,
			);
			name = MMDataObject;
			sourceTree = "<group>";
		};
/* End PBXGroup section */

/* Begin PBXNativeTarget section */
		210F9ACE16D4569E00C47BA5 /* MMDataObject */ = {
			isa = PBXNativeTarget;
			buildConfigurationList = 210F9B0716D4569E00C47BA5 /* Build configuration list for PBXNativeTarget "MMDataObject" */;
			buildPhases = (
				210F9ACB16D4569E00C47BA5 /* Sources */,
				210F9ACC16D4569E00C47BA5 /* Frameworks */,
				210F9ACD16D4569E00C47BA5 /* Resources */,
			);
			buildRules = (
			);
			dependencies = (
			);
			name = MMDataObject;
			productName = MMDataObject;
			productReference = 210F9ACF16D4569E00C47BA5 /* MMDataObject.app */;
			productType = "com.apple.product-type.application";
		};
		210F9AF416D4569E00C47BA5 /* MMDataObjectTests */ = {
			isa = PBXNativeTarget;
			buildConfigurationList = 210F9B0A16D4569E00C47BA5 /* Build configuration list for PBXNativeTarget "MMDataObjectTests" */;
			buildPhases = (
				210F9AF016D4569E00C47BA5 /* Sources */,
				210F9AF116D4569E00C47BA5 /* Frameworks */,
				210F9AF216D4569E00C47BA5 /* Resources */,
				210F9AF316D4569E00C47BA5 /* ShellScript */,
			);
			buildRules = (
			);
			dependencies = (
				210F9AFB16D4569E00C47BA5 /* PBXTargetDependency */,
			);
			name = MMDataObjectTests;
			productName = MMDataObjectTests;
			productReference = 210F9AF516D4569E00C47BA5 /* MMDataObjectTests.octest */;
			productType = "com.apple.product-type.bundle";
		};
/* End PBXNativeTarget section */

/* Begin PBXProject section */
		210F9AC716D4569E00C47BA5 /* Project object */ = {
			isa = PBXProject;
			attributes = {
				CLASSPREFIX = MM;
				LastUpgradeCheck = 0460;
				ORGANIZATIONNAME = "Ben Rigas";
			};
			buildConfigurationList = 210F9ACA16D4569E00C47BA5 /* Build configuration list for PBXProject "MMDataObject" */;
			compatibilityVersion = "Xcode 3.2";
			developmentRegion = English;
			hasScannedForEncodings = 0;
			knownRegions = (
				en,
			);
			mainGroup = 210F9AC616D4569E00C47BA5;
			productRefGroup = 210F9AD016D4569E00C47BA5 /* Products */;
			projectDirPath = "";
			projectRoot = "";
			targets = (
				210F9ACE16D4569E00C47BA5 /* MMDataObject */,
				210F9AF416D4569E00C47BA5 /* MMDataObjectTests */,
			);
		};
/* End PBXProject section */

/* Begin PBXResourcesBuildPhase section */
		210F9ACD16D4569E00C47BA5 /* Resources */ = {
			isa = PBXResourcesBuildPhase;
			buildActionMask = 2147483647;
			files = (
				210F9ADD16D4569E00C47BA5 /* InfoPlist.strings in Resources */,
				210F9AE516D4569E00C47BA5 /* Default.png in Resources */,
				210F9AE716D4569E00C47BA5 /* Default@2x.png in Resources */,
				210F9AE916D4569E00C47BA5 /* Default-568h@2x.png in Resources */,
				210F9AEC16D4569E00C47BA5 /* MainStoryboard.storyboard in Resources */,
				210F9B2816D4581500C47BA5 /* README.md in Resources */,
			);
			runOnlyForDeploymentPostprocessing = 0;
		};
		210F9AF216D4569E00C47BA5 /* Resources */ = {
			isa = PBXResourcesBuildPhase;
			buildActionMask = 2147483647;
			files = (
				210F9B0116D4569E00C47BA5 /* InfoPlist.strings in Resources */,
				210F9B2916D4581500C47BA5 /* README.md in Resources */,
			);
			runOnlyForDeploymentPostprocessing = 0;
		};
/* End PBXResourcesBuildPhase section */

/* Begin PBXShellScriptBuildPhase section */
		210F9AF316D4569E00C47BA5 /* ShellScript */ = {
			isa = PBXShellScriptBuildPhase;
			buildActionMask = 2147483647;
			files = (
			);
			inputPaths = (
			);
			outputPaths = (
			);
			runOnlyForDeploymentPostprocessing = 0;
			shellPath = /bin/sh;
			shellScript = "# Run the unit tests in this test bundle.\n\"${SYSTEM_DEVELOPER_DIR}/Tools/RunUnitTests\"\n";
		};
/* End PBXShellScriptBuildPhase section */

/* Begin PBXSourcesBuildPhase section */
		210F9ACB16D4569E00C47BA5 /* Sources */ = {
			isa = PBXSourcesBuildPhase;
			buildActionMask = 2147483647;
			files = (
				210F9ADF16D4569E00C47BA5 /* main.m in Sources */,
				210F9AE316D4569E00C47BA5 /* MMAppDelegate.m in Sources */,
				210F9AEF16D4569E00C47BA5 /* MMViewController.m in Sources */,
				210F9B1716D456BA00C47BA5 /* TestThing.m in Sources */,
				210F9B1916D456BA00C47BA5 /* TestLog.m in Sources */,
				210F9B1B16D456BA00C47BA5 /* TestLogWithAliases.m in Sources */,
				210F9B1D16D456BA00C47BA5 /* TestLogWithNestedObjects.m in Sources */,
				210F9B1F16D456BA00C47BA5 /* TestLogWithFormatters.m in Sources */,
				210F9B2316D456C700C47BA5 /* MMDataObject.m in Sources */,
			);
			runOnlyForDeploymentPostprocessing = 0;
		};
		210F9AF016D4569E00C47BA5 /* Sources */ = {
			isa = PBXSourcesBuildPhase;
			buildActionMask = 2147483647;
			files = (
				210F9B0416D4569E00C47BA5 /* MMDataObjectTests.m in Sources */,
				210F9B1816D456BA00C47BA5 /* TestThing.m in Sources */,
				210F9B1A16D456BA00C47BA5 /* TestLog.m in Sources */,
				210F9B1C16D456BA00C47BA5 /* TestLogWithAliases.m in Sources */,
				210F9B1E16D456BA00C47BA5 /* TestLogWithNestedObjects.m in Sources */,
				210F9B2016D456BA00C47BA5 /* TestLogWithFormatters.m in Sources */,
				210F9B2416D456C700C47BA5 /* MMDataObject.m in Sources */,
			);
			runOnlyForDeploymentPostprocessing = 0;
		};
/* End PBXSourcesBuildPhase section */

/* Begin PBXTargetDependency section */
		210F9AFB16D4569E00C47BA5 /* PBXTargetDependency */ = {
			isa = PBXTargetDependency;
			target = 210F9ACE16D4569E00C47BA5 /* MMDataObject */;
			targetProxy = 210F9AFA16D4569E00C47BA5 /* PBXContainerItemProxy */;
		};
/* End PBXTargetDependency section */

/* Begin PBXVariantGroup section */
		210F9ADB16D4569E00C47BA5 /* InfoPlist.strings */ = {
			isa = PBXVariantGroup;
			children = (
				210F9ADC16D4569E00C47BA5 /* en */,
			);
			name = InfoPlist.strings;
			sourceTree = "<group>";
		};
		210F9AEA16D4569E00C47BA5 /* MainStoryboard.storyboard */ = {
			isa = PBXVariantGroup;
			children = (
				210F9AEB16D4569E00C47BA5 /* en */,
			);
			name = MainStoryboard.storyboard;
			sourceTree = "<group>";
		};
		210F9AFF16D4569E00C47BA5 /* InfoPlist.strings */ = {
			isa = PBXVariantGroup;
			children = (
				210F9B0016D4569E00C47BA5 /* en */,
			);
			name = InfoPlist.strings;
			sourceTree = "<group>";
		};
/* End PBXVariantGroup section */

/* Begin XCBuildConfiguration section */
		210F9B0516D4569E00C47BA5 /* Debug */ = {
			isa = XCBuildConfiguration;
			buildSettings = {
				ALWAYS_SEARCH_USER_PATHS = NO;
				CLANG_CXX_LANGUAGE_STANDARD = "gnu++0x";
				CLANG_CXX_LIBRARY = "libc++";
				CLANG_ENABLE_OBJC_ARC = YES;
				CLANG_WARN_CONSTANT_CONVERSION = YES;
				CLANG_WARN_EMPTY_BODY = YES;
				CLANG_WARN_ENUM_CONVERSION = YES;
				CLANG_WARN_INT_CONVERSION = YES;
				CLANG_WARN__DUPLICATE_METHOD_MATCH = YES;
				"CODE_SIGN_IDENTITY[sdk=iphoneos*]" = "iPhone Developer";
				COPY_PHASE_STRIP = NO;
				GCC_C_LANGUAGE_STANDARD = gnu99;
				GCC_DYNAMIC_NO_PIC = NO;
				GCC_OPTIMIZATION_LEVEL = 0;
				GCC_PREPROCESSOR_DEFINITIONS = (
					"DEBUG=1",
					"$(inherited)",
				);
				GCC_SYMBOLS_PRIVATE_EXTERN = NO;
				GCC_WARN_ABOUT_RETURN_TYPE = YES;
				GCC_WARN_UNINITIALIZED_AUTOS = YES;
				GCC_WARN_UNUSED_VARIABLE = YES;
				IPHONEOS_DEPLOYMENT_TARGET = 6.1;
				ONLY_ACTIVE_ARCH = YES;
				SDKROOT = iphoneos;
				TARGETED_DEVICE_FAMILY = 2;
			};
			name = Debug;
		};
		210F9B0616D4569E00C47BA5 /* Release */ = {
			isa = XCBuildConfiguration;
			buildSettings = {
				ALWAYS_SEARCH_USER_PATHS = NO;
				CLANG_CXX_LANGUAGE_STANDARD = "gnu++0x";
				CLANG_CXX_LIBRARY = "libc++";
				CLANG_ENABLE_OBJC_ARC = YES;
				CLANG_WARN_CONSTANT_CONVERSION = YES;
				CLANG_WARN_EMPTY_BODY = YES;
				CLANG_WARN_ENUM_CONVERSION = YES;
				CLANG_WARN_INT_CONVERSION = YES;
				CLANG_WARN__DUPLICATE_METHOD_MATCH = YES;
				"CODE_SIGN_IDENTITY[sdk=iphoneos*]" = "iPhone Developer";
				COPY_PHASE_STRIP = YES;
				GCC_C_LANGUAGE_STANDARD = gnu99;
				GCC_WARN_ABOUT_RETURN_TYPE = YES;
				GCC_WARN_UNINITIALIZED_AUTOS = YES;
				GCC_WARN_UNUSED_VARIABLE = YES;
				IPHONEOS_DEPLOYMENT_TARGET = 6.1;
				OTHER_CFLAGS = "-DNS_BLOCK_ASSERTIONS=1";
				SDKROOT = iphoneos;
				TARGETED_DEVICE_FAMILY = 2;
				VALIDATE_PRODUCT = YES;
			};
			name = Release;
		};
		210F9B0816D4569E00C47BA5 /* Debug */ = {
			isa = XCBuildConfiguration;
			buildSettings = {
				GCC_PRECOMPILE_PREFIX_HEADER = YES;
				GCC_PREFIX_HEADER = "MMDataObject/MMDataObject-Prefix.pch";
				INFOPLIST_FILE = "MMDataObject/MMDataObject-Info.plist";
				PRODUCT_NAME = "$(TARGET_NAME)";
				WRAPPER_EXTENSION = app;
			};
			name = Debug;
		};
		210F9B0916D4569E00C47BA5 /* Release */ = {
			isa = XCBuildConfiguration;
			buildSettings = {
				GCC_PRECOMPILE_PREFIX_HEADER = YES;
				GCC_PREFIX_HEADER = "MMDataObject/MMDataObject-Prefix.pch";
				INFOPLIST_FILE = "MMDataObject/MMDataObject-Info.plist";
				PRODUCT_NAME = "$(TARGET_NAME)";
				WRAPPER_EXTENSION = app;
			};
			name = Release;
		};
		210F9B0B16D4569E00C47BA5 /* Debug */ = {
			isa = XCBuildConfiguration;
			buildSettings = {
				BUNDLE_LOADER = "$(BUILT_PRODUCTS_DIR)/MMDataObject.app/MMDataObject";
				FRAMEWORK_SEARCH_PATHS = (
					"\"$(SDKROOT)/Developer/Library/Frameworks\"",
					"\"$(DEVELOPER_LIBRARY_DIR)/Frameworks\"",
				);
				GCC_PRECOMPILE_PREFIX_HEADER = YES;
				GCC_PREFIX_HEADER = "MMDataObject/MMDataObject-Prefix.pch";
				INFOPLIST_FILE = "MMDataObjectTests/MMDataObjectTests-Info.plist";
				PRODUCT_NAME = "$(TARGET_NAME)";
				TEST_HOST = "$(BUNDLE_LOADER)";
				WRAPPER_EXTENSION = octest;
			};
			name = Debug;
		};
		210F9B0C16D4569E00C47BA5 /* Release */ = {
			isa = XCBuildConfiguration;
			buildSettings = {
				BUNDLE_LOADER = "$(BUILT_PRODUCTS_DIR)/MMDataObject.app/MMDataObject";
				FRAMEWORK_SEARCH_PATHS = (
					"\"$(SDKROOT)/Developer/Library/Frameworks\"",
					"\"$(DEVELOPER_LIBRARY_DIR)/Frameworks\"",
				);
				GCC_PRECOMPILE_PREFIX_HEADER = YES;
				GCC_PREFIX_HEADER = "MMDataObject/MMDataObject-Prefix.pch";
				INFOPLIST_FILE = "MMDataObjectTests/MMDataObjectTests-Info.plist";
				PRODUCT_NAME = "$(TARGET_NAME)";
				TEST_HOST = "$(BUNDLE_LOADER)";
				WRAPPER_EXTENSION = octest;
			};
			name = Release;
		};
/* End XCBuildConfiguration section */

/* Begin XCConfigurationList section */
		210F9ACA16D4569E00C47BA5 /* Build configuration list for PBXProject "MMDataObject" */ = {
			isa = XCConfigurationList;
			buildConfigurations = (
				210F9B0516D4569E00C47BA5 /* Debug */,
				210F9B0616D4569E00C47BA5 /* Release */,
			);
			defaultConfigurationIsVisible = 0;
			defaultConfigurationName = Release;
		};
		210F9B0716D4569E00C47BA5 /* Build configuration list for PBXNativeTarget "MMDataObject" */ = {
			isa = XCConfigurationList;
			buildConfigurations = (
				210F9B0816D4569E00C47BA5 /* Debug */,
				210F9B0916D4569E00C47BA5 /* Release */,
			);
			defaultConfigurationIsVisible = 0;
		};
		210F9B0A16D4569E00C47BA5 /* Build configuration list for PBXNativeTarget "MMDataObjectTests" */ = {
			isa = XCConfigurationList;
			buildConfigurations = (
				210F9B0B16D4569E00C47BA5 /* Debug */,
				210F9B0C16D4569E00C47BA5 /* Release */,
			);
			defaultConfigurationIsVisible = 0;
		};
/* End XCConfigurationList section */
	};
	rootObject = 210F9AC716D4569E00C47BA5 /* Project object */;
}
